{
  "name": "nd.site",
  "lockfileVersion": 3,
  "requires": true,
  "packages": {
    "": {
      "dependencies": {
        "@endikau/nd_assets": "^0.0.2-build.14.0"
      }
    },
    "node_modules/@endikau/nd_assets": {
      "version": "0.0.2-build.21.0",
      "resolved": "https://npm.pkg.github.com/download/@endikau/nd_assets/0.0.2-build.21.0/8ab04086263f9a67848a1eb08551232ea6b0b087",
      "integrity": "sha512-bhbfK72Egt0kZu+VHRZXniF/vCl4MiYI46fhw5f7UoxrF8F5BgYnGspw4/Znz7al4Jj6/u2x2lXry4NqMqWx+Q==",
      "license": "UNLICENSED"
    }
  }
}
