{
  "name": "nd.site",
  "lockfileVersion": 3,
  "requires": true,
  "packages": {
    "": {
      "dependencies": {
        "@endikau/nd_assets": "^0.0.2-build.14.0"
      }
    },
    "node_modules/@endikau/nd_assets": {
      "version": "0.0.2-build.25.0",
      "resolved": "https://npm.pkg.github.com/download/@endikau/nd_assets/0.0.2-build.25.0/a9ba44329d06810a0d0a4689459225ebd9eedb35",
      "integrity": "sha512-Goeu+4NZAEGZhotmdiquQWnGUVsC4w7ab1IWPRmloQmIV/PscKhKKCmVT3B4tZnHcIzVtMRBme6y/L3APd0Gtg==",
      "license": "UNLICENSED"
    }
  }
}
