{
  "name": "nd.site",
  "lockfileVersion": 3,
  "requires": true,
  "packages": {
    "": {
      "hasInstallScript": true,
      "dependencies": {
        "@endikau/nd_assets": "^0.0.2-build.14.0"
      }
    },
    "node_modules/@endikau/nd_assets": {
      "version": "0.0.2-build.14.0",
      "resolved": "https://npm.pkg.github.com/download/@endikau/nd_assets/0.0.2-build.14.0/b18af6aa90be42e384aa43d2db477e8e640557e8",
      "integrity": "sha512-NMecNu5+OtV+8TdXC6MrpeN8kSLhyeNzqGe4VSVQMhVOGJ2bquzkWBZoQipBs3I+fnhyMPeRqotXOFxJV8lL9A==",
      "license": "UNLICENSED"
    }
  }
}
